// !$*UTF8*$!
{
	archiveVersion = 1;
	classes = {
	};
	objectVersion = 56;
	objects = {

/* Begin PBXBuildFile section */
		F60422E62BF4A9CE006FBE67 /* CalendarManagerTests.swift in Sources */ = {isa = PBXBuildFile; fileRef = F60422E52BF4A9CE006FBE67 /* CalendarManagerTests.swift */; };
		F614F9002BED3689000CA8A7 /* PermissionsViewAndButtons.swift in Sources */ = {isa = PBXBuildFile; fileRef = F614F8FF2BED3689000CA8A7 /* PermissionsViewAndButtons.swift */; };
		F635A0362C05C650000C6715 /* LoadingView.swift in Sources */ = {isa = PBXBuildFile; fileRef = F635A0352C05C650000C6715 /* LoadingView.swift */; };
		F6461DD12C242C63003283DD /* URLPathType.swift in Sources */ = {isa = PBXBuildFile; fileRef = F6461DD02C242C63003283DD /* URLPathType.swift */; };
		F65502692C2B2D9900B4B40D /* SearchElement-ViewModelTests.swift in Sources */ = {isa = PBXBuildFile; fileRef = F65502682C2B2D9900B4B40D /* SearchElement-ViewModelTests.swift */; };
		F665216A2BEE14BE001464A1 /* PermissionsViewAndButtons-ViewModel.swift in Sources */ = {isa = PBXBuildFile; fileRef = F66521692BEE14BE001464A1 /* PermissionsViewAndButtons-ViewModel.swift */; };
		F665216D2BEE2265001464A1 /* LocationManager.swift in Sources */ = {isa = PBXBuildFile; fileRef = F665216C2BEE2265001464A1 /* LocationManager.swift */; };
		F665216F2BEE2299001464A1 /* CalendarEventManager.swift in Sources */ = {isa = PBXBuildFile; fileRef = F665216E2BEE2299001464A1 /* CalendarEventManager.swift */; };
		F66521712BEE2380001464A1 /* LocalizationManagerTests.swift in Sources */ = {isa = PBXBuildFile; fileRef = F66521702BEE2380001464A1 /* LocalizationManagerTests.swift */; };
		F67773652C2C9900002C91EE /* SearchElementViewExpanded.swift in Sources */ = {isa = PBXBuildFile; fileRef = F67773642C2C9900002C91EE /* SearchElementViewExpanded.swift */; };
		F677736B2C2CA6A6002C91EE /* MainView.swift in Sources */ = {isa = PBXBuildFile; fileRef = F677736A2C2CA6A6002C91EE /* MainView.swift */; };
		F677736D2C2D50C1002C91EE /* SearchFieldView.swift in Sources */ = {isa = PBXBuildFile; fileRef = F677736C2C2D50C1002C91EE /* SearchFieldView.swift */; };
		F67FD8172C1F70660023F0E3 /* HomeView.swift in Sources */ = {isa = PBXBuildFile; fileRef = F67FD8162C1F70660023F0E3 /* HomeView.swift */; };
		F67FD81B2C217D700023F0E3 /* SearchElementView.swift in Sources */ = {isa = PBXBuildFile; fileRef = F67FD81A2C217D700023F0E3 /* SearchElementView.swift */; };
		F67FD81F2C232D2B0023F0E3 /* NetworkManager.swift in Sources */ = {isa = PBXBuildFile; fileRef = F67FD81E2C232D2B0023F0E3 /* NetworkManager.swift */; };
		F67FD8232C232D7B0023F0E3 /* NetworkManagerTests.swift in Sources */ = {isa = PBXBuildFile; fileRef = F67FD8222C232D7B0023F0E3 /* NetworkManagerTests.swift */; };
		F67FD8252C232E150023F0E3 /* NetworkError.swift in Sources */ = {isa = PBXBuildFile; fileRef = F67FD8242C232E150023F0E3 /* NetworkError.swift */; };
		F67FD8282C232F2C0023F0E3 /* APIResulst.swift in Sources */ = {isa = PBXBuildFile; fileRef = F67FD8272C232F2C0023F0E3 /* APIResulst.swift */; };
		F67FD82A2C233FFC0023F0E3 /* CodingStrategy+ext.swift in Sources */ = {isa = PBXBuildFile; fileRef = F67FD8292C233FFC0023F0E3 /* CodingStrategy+ext.swift */; };
		F697329B2C182E6C00F87A2C /* HeartView.swift in Sources */ = {isa = PBXBuildFile; fileRef = F697329A2C182E6C00F87A2C /* HeartView.swift */; };
		F697329E2C182FBF00F87A2C /* LoadingView-ViewModel.swift in Sources */ = {isa = PBXBuildFile; fileRef = F697329D2C182FBF00F87A2C /* LoadingView-ViewModel.swift */; };
		F69732A12C1830B000F87A2C /* PermissionsEnum.swift in Sources */ = {isa = PBXBuildFile; fileRef = F69732A02C1830B000F87A2C /* PermissionsEnum.swift */; };
		F69732A32C183A2100F87A2C /* Voivodeship.swift in Sources */ = {isa = PBXBuildFile; fileRef = F69732A22C183A2100F87A2C /* Voivodeship.swift */; };
		F6BEAB9B2C297D1400535937 /* SearchElement-ViewModel.swift in Sources */ = {isa = PBXBuildFile; fileRef = F6BEAB9A2C297D1400535937 /* SearchElement-ViewModel.swift */; };
		F6DCD5492BEBCDDE00AEFA6C /* Znajdz_TerminApp.swift in Sources */ = {isa = PBXBuildFile; fileRef = F6DCD5482BEBCDDE00AEFA6C /* Znajdz_TerminApp.swift */; };
		F6DCD54F2BEBCDE000AEFA6C /* Assets.xcassets in Resources */ = {isa = PBXBuildFile; fileRef = F6DCD54E2BEBCDE000AEFA6C /* Assets.xcassets */; };
		F6DCD5522BEBCDE000AEFA6C /* Preview Assets.xcassets in Resources */ = {isa = PBXBuildFile; fileRef = F6DCD5512BEBCDE000AEFA6C /* Preview Assets.xcassets */; };
		F6DCD55C2BEBCDE000AEFA6C /* Znajdz_TerminTests.swift in Sources */ = {isa = PBXBuildFile; fileRef = F6DCD55B2BEBCDE000AEFA6C /* Znajdz_TerminTests.swift */; };
		F6DCD5662BEBCDE000AEFA6C /* Znajdz_TerminUITests.swift in Sources */ = {isa = PBXBuildFile; fileRef = F6DCD5652BEBCDE000AEFA6C /* Znajdz_TerminUITests.swift */; };
		F6DCD5682BEBCDE000AEFA6C /* Znajdz_TerminUITestsLaunchTests.swift in Sources */ = {isa = PBXBuildFile; fileRef = F6DCD5672BEBCDE000AEFA6C /* Znajdz_TerminUITestsLaunchTests.swift */; };
		F6DCD5762BEBCF8200AEFA6C /* PermissionsView.swift in Sources */ = {isa = PBXBuildFile; fileRef = F6DCD5752BEBCF8200AEFA6C /* PermissionsView.swift */; };
		F6DCD5782BEBE0C900AEFA6C /* PermissionInfoView.swift in Sources */ = {isa = PBXBuildFile; fileRef = F6DCD5772BEBE0C900AEFA6C /* PermissionInfoView.swift */; };
		F6F863F12C1F001E0088EE1A /* CLLocation+ext.swift in Sources */ = {isa = PBXBuildFile; fileRef = F6F863F02C1F001E0088EE1A /* CLLocation+ext.swift */; };
		F6F863F32C1F07450088EE1A /* LocationModel.swift in Sources */ = {isa = PBXBuildFile; fileRef = F6F863F22C1F07450088EE1A /* LocationModel.swift */; };
		F6F863F52C1F09A50088EE1A /* CLLocation2D+ext.swift in Sources */ = {isa = PBXBuildFile; fileRef = F6F863F42C1F09A50088EE1A /* CLLocation2D+ext.swift */; };
		F6F863F72C1F3D1B0088EE1A /* LocationError.swift in Sources */ = {isa = PBXBuildFile; fileRef = F6F863F62C1F3D1B0088EE1A /* LocationError.swift */; };
/* End PBXBuildFile section */

/* Begin PBXContainerItemProxy section */
		F6DCD5582BEBCDE000AEFA6C /* PBXContainerItemProxy */ = {
			isa = PBXContainerItemProxy;
			containerPortal = F6DCD53D2BEBCDDE00AEFA6C /* Project object */;
			proxyType = 1;
			remoteGlobalIDString = F6DCD5442BEBCDDE00AEFA6C;
			remoteInfo = "Znajdz Termin";
		};
		F6DCD5622BEBCDE000AEFA6C /* PBXContainerItemProxy */ = {
			isa = PBXContainerItemProxy;
			containerPortal = F6DCD53D2BEBCDDE00AEFA6C /* Project object */;
			proxyType = 1;
			remoteGlobalIDString = F6DCD5442BEBCDDE00AEFA6C;
			remoteInfo = "Znajdz Termin";
		};
/* End PBXContainerItemProxy section */

/* Begin PBXFileReference section */
		F60422E52BF4A9CE006FBE67 /* CalendarManagerTests.swift */ = {isa = PBXFileReference; lastKnownFileType = sourcecode.swift; path = CalendarManagerTests.swift; sourceTree = "<group>"; };
		F614F8FF2BED3689000CA8A7 /* PermissionsViewAndButtons.swift */ = {isa = PBXFileReference; lastKnownFileType = sourcecode.swift; path = PermissionsViewAndButtons.swift; sourceTree = "<group>"; };
		F614F9012BED4BF0000CA8A7 /* Znajdz-Termin-Info.plist */ = {isa = PBXFileReference; lastKnownFileType = text.plist; path = "Znajdz-Termin-Info.plist"; sourceTree = SOURCE_ROOT; };
		F635A0352C05C650000C6715 /* LoadingView.swift */ = {isa = PBXFileReference; lastKnownFileType = sourcecode.swift; path = LoadingView.swift; sourceTree = "<group>"; };
		F6461DD02C242C63003283DD /* URLPathType.swift */ = {isa = PBXFileReference; lastKnownFileType = sourcecode.swift; path = URLPathType.swift; sourceTree = "<group>"; };
		F65502682C2B2D9900B4B40D /* SearchElement-ViewModelTests.swift */ = {isa = PBXFileReference; lastKnownFileType = sourcecode.swift; path = "SearchElement-ViewModelTests.swift"; sourceTree = "<group>"; };
		F66521692BEE14BE001464A1 /* PermissionsViewAndButtons-ViewModel.swift */ = {isa = PBXFileReference; lastKnownFileType = sourcecode.swift; path = "PermissionsViewAndButtons-ViewModel.swift"; sourceTree = "<group>"; };
		F665216C2BEE2265001464A1 /* LocationManager.swift */ = {isa = PBXFileReference; lastKnownFileType = sourcecode.swift; path = LocationManager.swift; sourceTree = "<group>"; };
		F665216E2BEE2299001464A1 /* CalendarEventManager.swift */ = {isa = PBXFileReference; lastKnownFileType = sourcecode.swift; path = CalendarEventManager.swift; sourceTree = "<group>"; };
		F66521702BEE2380001464A1 /* LocalizationManagerTests.swift */ = {isa = PBXFileReference; lastKnownFileType = sourcecode.swift; path = LocalizationManagerTests.swift; sourceTree = "<group>"; };
		F66DAC242C256B81006E5EDB /* Znajdz Termin.xctestplan */ = {isa = PBXFileReference; lastKnownFileType = text; path = "Znajdz Termin.xctestplan"; sourceTree = "<group>"; };
		F67773642C2C9900002C91EE /* SearchElementViewExpanded.swift */ = {isa = PBXFileReference; lastKnownFileType = sourcecode.swift; path = SearchElementViewExpanded.swift; sourceTree = "<group>"; };
		F677736A2C2CA6A6002C91EE /* MainView.swift */ = {isa = PBXFileReference; lastKnownFileType = sourcecode.swift; path = MainView.swift; sourceTree = "<group>"; };
		F677736C2C2D50C1002C91EE /* SearchFieldView.swift */ = {isa = PBXFileReference; lastKnownFileType = sourcecode.swift; path = SearchFieldView.swift; sourceTree = "<group>"; };
		F67FD8162C1F70660023F0E3 /* HomeView.swift */ = {isa = PBXFileReference; lastKnownFileType = sourcecode.swift; path = HomeView.swift; sourceTree = "<group>"; };
		F67FD81A2C217D700023F0E3 /* SearchElementView.swift */ = {isa = PBXFileReference; lastKnownFileType = sourcecode.swift; path = SearchElementView.swift; sourceTree = "<group>"; };
		F67FD81E2C232D2B0023F0E3 /* NetworkManager.swift */ = {isa = PBXFileReference; lastKnownFileType = sourcecode.swift; path = NetworkManager.swift; sourceTree = "<group>"; };
		F67FD8222C232D7B0023F0E3 /* NetworkManagerTests.swift */ = {isa = PBXFileReference; lastKnownFileType = sourcecode.swift; path = NetworkManagerTests.swift; sourceTree = "<group>"; };
		F67FD8242C232E150023F0E3 /* NetworkError.swift */ = {isa = PBXFileReference; lastKnownFileType = sourcecode.swift; path = NetworkError.swift; sourceTree = "<group>"; };
		F67FD8272C232F2C0023F0E3 /* APIResulst.swift */ = {isa = PBXFileReference; lastKnownFileType = sourcecode.swift; path = APIResulst.swift; sourceTree = "<group>"; };
		F67FD8292C233FFC0023F0E3 /* CodingStrategy+ext.swift */ = {isa = PBXFileReference; lastKnownFileType = sourcecode.swift; path = "CodingStrategy+ext.swift"; sourceTree = "<group>"; };
		F697329A2C182E6C00F87A2C /* HeartView.swift */ = {isa = PBXFileReference; lastKnownFileType = sourcecode.swift; path = HeartView.swift; sourceTree = "<group>"; };
		F697329D2C182FBF00F87A2C /* LoadingView-ViewModel.swift */ = {isa = PBXFileReference; lastKnownFileType = sourcecode.swift; path = "LoadingView-ViewModel.swift"; sourceTree = "<group>"; };
		F69732A02C1830B000F87A2C /* PermissionsEnum.swift */ = {isa = PBXFileReference; lastKnownFileType = sourcecode.swift; path = PermissionsEnum.swift; sourceTree = "<group>"; };
		F69732A22C183A2100F87A2C /* Voivodeship.swift */ = {isa = PBXFileReference; lastKnownFileType = sourcecode.swift; path = Voivodeship.swift; sourceTree = "<group>"; };
		F6BEAB9A2C297D1400535937 /* SearchElement-ViewModel.swift */ = {isa = PBXFileReference; lastKnownFileType = sourcecode.swift; path = "SearchElement-ViewModel.swift"; sourceTree = "<group>"; };
		F6DCD5452BEBCDDE00AEFA6C /* Znajdz Termin.app */ = {isa = PBXFileReference; explicitFileType = wrapper.application; includeInIndex = 0; path = "Znajdz Termin.app"; sourceTree = BUILT_PRODUCTS_DIR; };
		F6DCD5482BEBCDDE00AEFA6C /* Znajdz_TerminApp.swift */ = {isa = PBXFileReference; lastKnownFileType = sourcecode.swift; path = Znajdz_TerminApp.swift; sourceTree = "<group>"; };
		F6DCD54E2BEBCDE000AEFA6C /* Assets.xcassets */ = {isa = PBXFileReference; lastKnownFileType = folder.assetcatalog; path = Assets.xcassets; sourceTree = "<group>"; };
		F6DCD5512BEBCDE000AEFA6C /* Preview Assets.xcassets */ = {isa = PBXFileReference; lastKnownFileType = folder.assetcatalog; path = "Preview Assets.xcassets"; sourceTree = "<group>"; };
		F6DCD5572BEBCDE000AEFA6C /* Znajdz TerminTests.xctest */ = {isa = PBXFileReference; explicitFileType = wrapper.cfbundle; includeInIndex = 0; path = "Znajdz TerminTests.xctest"; sourceTree = BUILT_PRODUCTS_DIR; };
		F6DCD55B2BEBCDE000AEFA6C /* Znajdz_TerminTests.swift */ = {isa = PBXFileReference; lastKnownFileType = sourcecode.swift; path = Znajdz_TerminTests.swift; sourceTree = "<group>"; };
		F6DCD5612BEBCDE000AEFA6C /* Znajdz TerminUITests.xctest */ = {isa = PBXFileReference; explicitFileType = wrapper.cfbundle; includeInIndex = 0; path = "Znajdz TerminUITests.xctest"; sourceTree = BUILT_PRODUCTS_DIR; };
		F6DCD5652BEBCDE000AEFA6C /* Znajdz_TerminUITests.swift */ = {isa = PBXFileReference; lastKnownFileType = sourcecode.swift; path = Znajdz_TerminUITests.swift; sourceTree = "<group>"; };
		F6DCD5672BEBCDE000AEFA6C /* Znajdz_TerminUITestsLaunchTests.swift */ = {isa = PBXFileReference; lastKnownFileType = sourcecode.swift; path = Znajdz_TerminUITestsLaunchTests.swift; sourceTree = "<group>"; };
		F6DCD5752BEBCF8200AEFA6C /* PermissionsView.swift */ = {isa = PBXFileReference; lastKnownFileType = sourcecode.swift; path = PermissionsView.swift; sourceTree = "<group>"; };
		F6DCD5772BEBE0C900AEFA6C /* PermissionInfoView.swift */ = {isa = PBXFileReference; lastKnownFileType = sourcecode.swift; path = PermissionInfoView.swift; sourceTree = "<group>"; };
		F6F863F02C1F001E0088EE1A /* CLLocation+ext.swift */ = {isa = PBXFileReference; lastKnownFileType = sourcecode.swift; path = "CLLocation+ext.swift"; sourceTree = "<group>"; };
		F6F863F22C1F07450088EE1A /* LocationModel.swift */ = {isa = PBXFileReference; lastKnownFileType = sourcecode.swift; path = LocationModel.swift; sourceTree = "<group>"; };
		F6F863F42C1F09A50088EE1A /* CLLocation2D+ext.swift */ = {isa = PBXFileReference; lastKnownFileType = sourcecode.swift; path = "CLLocation2D+ext.swift"; sourceTree = "<group>"; };
		F6F863F62C1F3D1B0088EE1A /* LocationError.swift */ = {isa = PBXFileReference; lastKnownFileType = sourcecode.swift; path = LocationError.swift; sourceTree = "<group>"; };
/* End PBXFileReference section */

/* Begin PBXFrameworksBuildPhase section */
		F6DCD5422BEBCDDE00AEFA6C /* Frameworks */ = {
			isa = PBXFrameworksBuildPhase;
			buildActionMask = 2147483647;
			files = (
			);
			runOnlyForDeploymentPostprocessing = 0;
		};
		F6DCD5542BEBCDE000AEFA6C /* Frameworks */ = {
			isa = PBXFrameworksBuildPhase;
			buildActionMask = 2147483647;
			files = (
			);
			runOnlyForDeploymentPostprocessing = 0;
		};
		F6DCD55E2BEBCDE000AEFA6C /* Frameworks */ = {
			isa = PBXFrameworksBuildPhase;
			buildActionMask = 2147483647;
			files = (
			);
			runOnlyForDeploymentPostprocessing = 0;
		};
/* End PBXFrameworksBuildPhase section */

/* Begin PBXGroup section */
		F635A0342C05C643000C6715 /* LoadingView */ = {
			isa = PBXGroup;
			children = (
				F67FD8192C202B730023F0E3 /* Model */,
				F67FD8182C202B6B0023F0E3 /* View */,
				F697329C2C182FAB00F87A2C /* ViewModel */,
			);
			path = LoadingView;
			sourceTree = "<group>";
		};
		F66521672BEE1498001464A1 /* View */ = {
			isa = PBXGroup;
			children = (
				F6DCD5752BEBCF8200AEFA6C /* PermissionsView.swift */,
				F6DCD5772BEBE0C900AEFA6C /* PermissionInfoView.swift */,
				F614F8FF2BED3689000CA8A7 /* PermissionsViewAndButtons.swift */,
			);
			path = View;
			sourceTree = "<group>";
		};
		F66521682BEE14A1001464A1 /* ViewModel */ = {
			isa = PBXGroup;
			children = (
				F66521692BEE14BE001464A1 /* PermissionsViewAndButtons-ViewModel.swift */,
			);
			path = ViewModel;
			sourceTree = "<group>";
		};
		F665216B2BEE225A001464A1 /* Managers */ = {
			isa = PBXGroup;
			children = (
				F665216C2BEE2265001464A1 /* LocationManager.swift */,
				F665216E2BEE2299001464A1 /* CalendarEventManager.swift */,
				F67FD81E2C232D2B0023F0E3 /* NetworkManager.swift */,
			);
			path = Managers;
			sourceTree = "<group>";
		};
		F67FD8152C1F70590023F0E3 /* HomeView */ = {
			isa = PBXGroup;
			children = (
				F67FD8262C232F190023F0E3 /* Model */,
				F67FD81D2C232B110023F0E3 /* ViewModel */,
				F67FD81C2C232B0C0023F0E3 /* View */,
			);
			path = HomeView;
			sourceTree = "<group>";
		};
		F67FD8182C202B6B0023F0E3 /* View */ = {
			isa = PBXGroup;
			children = (
				F635A0352C05C650000C6715 /* LoadingView.swift */,
			);
			path = View;
			sourceTree = "<group>";
		};
		F67FD8192C202B730023F0E3 /* Model */ = {
			isa = PBXGroup;
			children = (
				F6F863F22C1F07450088EE1A /* LocationModel.swift */,
			);
			path = Model;
			sourceTree = "<group>";
		};
		F67FD81C2C232B0C0023F0E3 /* View */ = {
			isa = PBXGroup;
			children = (
				F67FD81A2C217D700023F0E3 /* SearchElementView.swift */,
				F67FD8162C1F70660023F0E3 /* HomeView.swift */,
				F67773642C2C9900002C91EE /* SearchElementViewExpanded.swift */,
				F677736C2C2D50C1002C91EE /* SearchFieldView.swift */,
			);
			path = View;
			sourceTree = "<group>";
		};
		F67FD81D2C232B110023F0E3 /* ViewModel */ = {
			isa = PBXGroup;
			children = (
				F6BEAB9A2C297D1400535937 /* SearchElement-ViewModel.swift */,
			);
			path = ViewModel;
			sourceTree = "<group>";
		};
		F67FD8262C232F190023F0E3 /* Model */ = {
			isa = PBXGroup;
			children = (
				F67FD8272C232F2C0023F0E3 /* APIResulst.swift */,
			);
			path = Model;
			sourceTree = "<group>";
		};
		F69732992C182E5800F87A2C /* CustomViews */ = {
			isa = PBXGroup;
			children = (
				F697329A2C182E6C00F87A2C /* HeartView.swift */,
			);
			path = CustomViews;
			sourceTree = "<group>";
		};
		F697329C2C182FAB00F87A2C /* ViewModel */ = {
			isa = PBXGroup;
			children = (
				F697329D2C182FBF00F87A2C /* LoadingView-ViewModel.swift */,
			);
			path = ViewModel;
			sourceTree = "<group>";
		};
		F697329F2C182FF600F87A2C /* Enums */ = {
			isa = PBXGroup;
			children = (
				F69732A02C1830B000F87A2C /* PermissionsEnum.swift */,
				F69732A22C183A2100F87A2C /* Voivodeship.swift */,
				F6F863F62C1F3D1B0088EE1A /* LocationError.swift */,
				F67FD8242C232E150023F0E3 /* NetworkError.swift */,
				F6461DD02C242C63003283DD /* URLPathType.swift */,
			);
			path = Enums;
			sourceTree = "<group>";
		};
		F6DCD53C2BEBCDDE00AEFA6C = {
			isa = PBXGroup;
			children = (
				F66DAC242C256B81006E5EDB /* Znajdz Termin.xctestplan */,
				F6DCD5472BEBCDDE00AEFA6C /* Znajdz Termin */,
				F6DCD55A2BEBCDE000AEFA6C /* Znajdz TerminTests */,
				F6DCD5642BEBCDE000AEFA6C /* Znajdz TerminUITests */,
				F6DCD5462BEBCDDE00AEFA6C /* Products */,
			);
			sourceTree = "<group>";
		};
		F6DCD5462BEBCDDE00AEFA6C /* Products */ = {
			isa = PBXGroup;
			children = (
				F6DCD5452BEBCDDE00AEFA6C /* Znajdz Termin.app */,
				F6DCD5572BEBCDE000AEFA6C /* Znajdz TerminTests.xctest */,
				F6DCD5612BEBCDE000AEFA6C /* Znajdz TerminUITests.xctest */,
			);
			name = Products;
			sourceTree = "<group>";
		};
		F6DCD5472BEBCDDE00AEFA6C /* Znajdz Termin */ = {
			isa = PBXGroup;
			children = (
				F67FD8152C1F70590023F0E3 /* HomeView */,
				F6F863EF2C1F000E0088EE1A /* Extensions */,
				F697329F2C182FF600F87A2C /* Enums */,
				F69732992C182E5800F87A2C /* CustomViews */,
				F635A0342C05C643000C6715 /* LoadingView */,
				F665216B2BEE225A001464A1 /* Managers */,
				F614F9012BED4BF0000CA8A7 /* Znajdz-Termin-Info.plist */,
				F6DCD5742BEBCF6D00AEFA6C /* PermissionsView */,
				F6DCD5482BEBCDDE00AEFA6C /* Znajdz_TerminApp.swift */,
				F6DCD54E2BEBCDE000AEFA6C /* Assets.xcassets */,
				F6DCD5502BEBCDE000AEFA6C /* Preview Content */,
				F677736A2C2CA6A6002C91EE /* MainView.swift */,
			);
			path = "Znajdz Termin";
			sourceTree = "<group>";
		};
		F6DCD5502BEBCDE000AEFA6C /* Preview Content */ = {
			isa = PBXGroup;
			children = (
				F6DCD5512BEBCDE000AEFA6C /* Preview Assets.xcassets */,
			);
			path = "Preview Content";
			sourceTree = "<group>";
		};
		F6DCD55A2BEBCDE000AEFA6C /* Znajdz TerminTests */ = {
			isa = PBXGroup;
			children = (
				F6DCD55B2BEBCDE000AEFA6C /* Znajdz_TerminTests.swift */,
				F66521702BEE2380001464A1 /* LocalizationManagerTests.swift */,
				F60422E52BF4A9CE006FBE67 /* CalendarManagerTests.swift */,
				F67FD8222C232D7B0023F0E3 /* NetworkManagerTests.swift */,
				F65502682C2B2D9900B4B40D /* SearchElement-ViewModelTests.swift */,
			);
			path = "Znajdz TerminTests";
			sourceTree = "<group>";
		};
		F6DCD5642BEBCDE000AEFA6C /* Znajdz TerminUITests */ = {
			isa = PBXGroup;
			children = (
				F6DCD5652BEBCDE000AEFA6C /* Znajdz_TerminUITests.swift */,
				F6DCD5672BEBCDE000AEFA6C /* Znajdz_TerminUITestsLaunchTests.swift */,
			);
			path = "Znajdz TerminUITests";
			sourceTree = "<group>";
		};
		F6DCD5742BEBCF6D00AEFA6C /* PermissionsView */ = {
			isa = PBXGroup;
			children = (
				F66521682BEE14A1001464A1 /* ViewModel */,
				F66521672BEE1498001464A1 /* View */,
			);
			path = PermissionsView;
			sourceTree = "<group>";
		};
		F6F863EF2C1F000E0088EE1A /* Extensions */ = {
			isa = PBXGroup;
			children = (
				F6F863F02C1F001E0088EE1A /* CLLocation+ext.swift */,
				F6F863F42C1F09A50088EE1A /* CLLocation2D+ext.swift */,
				F67FD8292C233FFC0023F0E3 /* CodingStrategy+ext.swift */,
			);
			path = Extensions;
			sourceTree = "<group>";
		};
/* End PBXGroup section */

/* Begin PBXNativeTarget section */
		F6DCD5442BEBCDDE00AEFA6C /* Znajdz Termin */ = {
			isa = PBXNativeTarget;
			buildConfigurationList = F6DCD56B2BEBCDE000AEFA6C /* Build configuration list for PBXNativeTarget "Znajdz Termin" */;
			buildPhases = (
				F6DCD5412BEBCDDE00AEFA6C /* Sources */,
				F6DCD5422BEBCDDE00AEFA6C /* Frameworks */,
				F6DCD5432BEBCDDE00AEFA6C /* Resources */,
			);
			buildRules = (
			);
			dependencies = (
			);
			name = "Znajdz Termin";
			productName = "Znajdz Termin";
			productReference = F6DCD5452BEBCDDE00AEFA6C /* Znajdz Termin.app */;
			productType = "com.apple.product-type.application";
		};
		F6DCD5562BEBCDE000AEFA6C /* Znajdz TerminTests */ = {
			isa = PBXNativeTarget;
			buildConfigurationList = F6DCD56E2BEBCDE000AEFA6C /* Build configuration list for PBXNativeTarget "Znajdz TerminTests" */;
			buildPhases = (
				F6DCD5532BEBCDE000AEFA6C /* Sources */,
				F6DCD5542BEBCDE000AEFA6C /* Frameworks */,
				F6DCD5552BEBCDE000AEFA6C /* Resources */,
			);
			buildRules = (
			);
			dependencies = (
				F6DCD5592BEBCDE000AEFA6C /* PBXTargetDependency */,
			);
			name = "Znajdz TerminTests";
			productName = "Znajdz TerminTests";
			productReference = F6DCD5572BEBCDE000AEFA6C /* Znajdz TerminTests.xctest */;
			productType = "com.apple.product-type.bundle.unit-test";
		};
		F6DCD5602BEBCDE000AEFA6C /* Znajdz TerminUITests */ = {
			isa = PBXNativeTarget;
			buildConfigurationList = F6DCD5712BEBCDE000AEFA6C /* Build configuration list for PBXNativeTarget "Znajdz TerminUITests" */;
			buildPhases = (
				F6DCD55D2BEBCDE000AEFA6C /* Sources */,
				F6DCD55E2BEBCDE000AEFA6C /* Frameworks */,
				F6DCD55F2BEBCDE000AEFA6C /* Resources */,
			);
			buildRules = (
			);
			dependencies = (
				F6DCD5632BEBCDE000AEFA6C /* PBXTargetDependency */,
			);
			name = "Znajdz TerminUITests";
			productName = "Znajdz TerminUITests";
			productReference = F6DCD5612BEBCDE000AEFA6C /* Znajdz TerminUITests.xctest */;
			productType = "com.apple.product-type.bundle.ui-testing";
		};
/* End PBXNativeTarget section */

/* Begin PBXProject section */
		F6DCD53D2BEBCDDE00AEFA6C /* Project object */ = {
			isa = PBXProject;
			attributes = {
				BuildIndependentTargetsInParallel = 1;
				LastSwiftUpdateCheck = 1530;
				LastUpgradeCheck = 1530;
				TargetAttributes = {
					F6DCD5442BEBCDDE00AEFA6C = {
						CreatedOnToolsVersion = 15.3;
					};
					F6DCD5562BEBCDE000AEFA6C = {
						CreatedOnToolsVersion = 15.3;
						TestTargetID = F6DCD5442BEBCDDE00AEFA6C;
					};
					F6DCD5602BEBCDE000AEFA6C = {
						CreatedOnToolsVersion = 15.3;
						TestTargetID = F6DCD5442BEBCDDE00AEFA6C;
					};
				};
			};
			buildConfigurationList = F6DCD5402BEBCDDE00AEFA6C /* Build configuration list for PBXProject "Znajdz Termin" */;
			compatibilityVersion = "Xcode 14.0";
			developmentRegion = pl;
			hasScannedForEncodings = 0;
			knownRegions = (
				Base,
				pl,
			);
			mainGroup = F6DCD53C2BEBCDDE00AEFA6C;
			productRefGroup = F6DCD5462BEBCDDE00AEFA6C /* Products */;
			projectDirPath = "";
			projectRoot = "";
			targets = (
				F6DCD5442BEBCDDE00AEFA6C /* Znajdz Termin */,
				F6DCD5562BEBCDE000AEFA6C /* Znajdz TerminTests */,
				F6DCD5602BEBCDE000AEFA6C /* Znajdz TerminUITests */,
			);
		};
/* End PBXProject section */

/* Begin PBXResourcesBuildPhase section */
		F6DCD5432BEBCDDE00AEFA6C /* Resources */ = {
			isa = PBXResourcesBuildPhase;
			buildActionMask = 2147483647;
			files = (
				F6DCD5522BEBCDE000AEFA6C /* Preview Assets.xcassets in Resources */,
				F6DCD54F2BEBCDE000AEFA6C /* Assets.xcassets in Resources */,
			);
			runOnlyForDeploymentPostprocessing = 0;
		};
		F6DCD5552BEBCDE000AEFA6C /* Resources */ = {
			isa = PBXResourcesBuildPhase;
			buildActionMask = 2147483647;
			files = (
			);
			runOnlyForDeploymentPostprocessing = 0;
		};
		F6DCD55F2BEBCDE000AEFA6C /* Resources */ = {
			isa = PBXResourcesBuildPhase;
			buildActionMask = 2147483647;
			files = (
			);
			runOnlyForDeploymentPostprocessing = 0;
		};
/* End PBXResourcesBuildPhase section */

/* Begin PBXSourcesBuildPhase section */
		F6DCD5412BEBCDDE00AEFA6C /* Sources */ = {
			isa = PBXSourcesBuildPhase;
			buildActionMask = 2147483647;
			files = (
				F67FD81F2C232D2B0023F0E3 /* NetworkManager.swift in Sources */,
				F677736B2C2CA6A6002C91EE /* MainView.swift in Sources */,
				F69732A12C1830B000F87A2C /* PermissionsEnum.swift in Sources */,
				F6DCD5762BEBCF8200AEFA6C /* PermissionsView.swift in Sources */,
				F6DCD5492BEBCDDE00AEFA6C /* Znajdz_TerminApp.swift in Sources */,
				F6F863F72C1F3D1B0088EE1A /* LocationError.swift in Sources */,
				F67773652C2C9900002C91EE /* SearchElementViewExpanded.swift in Sources */,
				F697329B2C182E6C00F87A2C /* HeartView.swift in Sources */,
				F665216D2BEE2265001464A1 /* LocationManager.swift in Sources */,
				F67FD82A2C233FFC0023F0E3 /* CodingStrategy+ext.swift in Sources */,
				F665216F2BEE2299001464A1 /* CalendarEventManager.swift in Sources */,
				F6461DD12C242C63003283DD /* URLPathType.swift in Sources */,
				F67FD8252C232E150023F0E3 /* NetworkError.swift in Sources */,
				F6DCD5782BEBE0C900AEFA6C /* PermissionInfoView.swift in Sources */,
				F677736D2C2D50C1002C91EE /* SearchFieldView.swift in Sources */,
				F67FD8172C1F70660023F0E3 /* HomeView.swift in Sources */,
				F697329E2C182FBF00F87A2C /* LoadingView-ViewModel.swift in Sources */,
				F69732A32C183A2100F87A2C /* Voivodeship.swift in Sources */,
				F665216A2BEE14BE001464A1 /* PermissionsViewAndButtons-ViewModel.swift in Sources */,
				F6F863F52C1F09A50088EE1A /* CLLocation2D+ext.swift in Sources */,
				F614F9002BED3689000CA8A7 /* PermissionsViewAndButtons.swift in Sources */,
				F635A0362C05C650000C6715 /* LoadingView.swift in Sources */,
				F6BEAB9B2C297D1400535937 /* SearchElement-ViewModel.swift in Sources */,
				F67FD8282C232F2C0023F0E3 /* APIResulst.swift in Sources */,
				F6F863F32C1F07450088EE1A /* LocationModel.swift in Sources */,
				F6F863F12C1F001E0088EE1A /* CLLocation+ext.swift in Sources */,
				F67FD81B2C217D700023F0E3 /* SearchElementView.swift in Sources */,
			);
			runOnlyForDeploymentPostprocessing = 0;
		};
		F6DCD5532BEBCDE000AEFA6C /* Sources */ = {
			isa = PBXSourcesBuildPhase;
			buildActionMask = 2147483647;
			files = (
				F67FD8232C232D7B0023F0E3 /* NetworkManagerTests.swift in Sources */,
				F60422E62BF4A9CE006FBE67 /* CalendarManagerTests.swift in Sources */,
				F65502692C2B2D9900B4B40D /* SearchElement-ViewModelTests.swift in Sources */,
				F66521712BEE2380001464A1 /* LocalizationManagerTests.swift in Sources */,
				F6DCD55C2BEBCDE000AEFA6C /* Znajdz_TerminTests.swift in Sources */,
			);
			runOnlyForDeploymentPostprocessing = 0;
		};
		F6DCD55D2BEBCDE000AEFA6C /* Sources */ = {
			isa = PBXSourcesBuildPhase;
			buildActionMask = 2147483647;
			files = (
				F6DCD5682BEBCDE000AEFA6C /* Znajdz_TerminUITestsLaunchTests.swift in Sources */,
				F6DCD5662BEBCDE000AEFA6C /* Znajdz_TerminUITests.swift in Sources */,
			);
			runOnlyForDeploymentPostprocessing = 0;
		};
/* End PBXSourcesBuildPhase section */

/* Begin PBXTargetDependency section */
		F6DCD5592BEBCDE000AEFA6C /* PBXTargetDependency */ = {
			isa = PBXTargetDependency;
			target = F6DCD5442BEBCDDE00AEFA6C /* Znajdz Termin */;
			targetProxy = F6DCD5582BEBCDE000AEFA6C /* PBXContainerItemProxy */;
		};
		F6DCD5632BEBCDE000AEFA6C /* PBXTargetDependency */ = {
			isa = PBXTargetDependency;
			target = F6DCD5442BEBCDDE00AEFA6C /* Znajdz Termin */;
			targetProxy = F6DCD5622BEBCDE000AEFA6C /* PBXContainerItemProxy */;
		};
/* End PBXTargetDependency section */

/* Begin XCBuildConfiguration section */
		F6DCD5692BEBCDE000AEFA6C /* Debug */ = {
			isa = XCBuildConfiguration;
			buildSettings = {
				ALWAYS_SEARCH_USER_PATHS = NO;
				ASSETCATALOG_COMPILER_GENERATE_SWIFT_ASSET_SYMBOL_EXTENSIONS = YES;
				CLANG_ANALYZER_NONNULL = YES;
				CLANG_ANALYZER_NUMBER_OBJECT_CONVERSION = YES_AGGRESSIVE;
				CLANG_CXX_LANGUAGE_STANDARD = "gnu++20";
				CLANG_ENABLE_MODULES = YES;
				CLANG_ENABLE_OBJC_ARC = YES;
				CLANG_ENABLE_OBJC_WEAK = YES;
				CLANG_WARN_BLOCK_CAPTURE_AUTORELEASING = YES;
				CLANG_WARN_BOOL_CONVERSION = YES;
				CLANG_WARN_COMMA = YES;
				CLANG_WARN_CONSTANT_CONVERSION = YES;
				CLANG_WARN_DEPRECATED_OBJC_IMPLEMENTATIONS = YES;
				CLANG_WARN_DIRECT_OBJC_ISA_USAGE = YES_ERROR;
				CLANG_WARN_DOCUMENTATION_COMMENTS = YES;
				CLANG_WARN_EMPTY_BODY = YES;
				CLANG_WARN_ENUM_CONVERSION = YES;
				CLANG_WARN_INFINITE_RECURSION = YES;
				CLANG_WARN_INT_CONVERSION = YES;
				CLANG_WARN_NON_LITERAL_NULL_CONVERSION = YES;
				CLANG_WARN_OBJC_IMPLICIT_RETAIN_SELF = YES;
				CLANG_WARN_OBJC_LITERAL_CONVERSION = YES;
				CLANG_WARN_OBJC_ROOT_CLASS = YES_ERROR;
				CLANG_WARN_QUOTED_INCLUDE_IN_FRAMEWORK_HEADER = YES;
				CLANG_WARN_RANGE_LOOP_ANALYSIS = YES;
				CLANG_WARN_STRICT_PROTOTYPES = YES;
				CLANG_WARN_SUSPICIOUS_MOVE = YES;
				CLANG_WARN_UNGUARDED_AVAILABILITY = YES_AGGRESSIVE;
				CLANG_WARN_UNREACHABLE_CODE = YES;
				CLANG_WARN__DUPLICATE_METHOD_MATCH = YES;
				COPY_PHASE_STRIP = NO;
				DEBUG_INFORMATION_FORMAT = dwarf;
				ENABLE_STRICT_OBJC_MSGSEND = YES;
				ENABLE_TESTABILITY = YES;
				ENABLE_USER_SCRIPT_SANDBOXING = YES;
				GCC_C_LANGUAGE_STANDARD = gnu17;
				GCC_DYNAMIC_NO_PIC = NO;
				GCC_NO_COMMON_BLOCKS = YES;
				GCC_OPTIMIZATION_LEVEL = 0;
				GCC_PREPROCESSOR_DEFINITIONS = (
					"DEBUG=1",
					"$(inherited)",
				);
				GCC_WARN_64_TO_32_BIT_CONVERSION = YES;
				GCC_WARN_ABOUT_RETURN_TYPE = YES_ERROR;
				GCC_WARN_UNDECLARED_SELECTOR = YES;
				GCC_WARN_UNINITIALIZED_AUTOS = YES_AGGRESSIVE;
				GCC_WARN_UNUSED_FUNCTION = YES;
				GCC_WARN_UNUSED_VARIABLE = YES;
				IPHONEOS_DEPLOYMENT_TARGET = 17.4;
				LOCALIZATION_PREFERS_STRING_CATALOGS = YES;
				MTL_ENABLE_DEBUG_INFO = INCLUDE_SOURCE;
				MTL_FAST_MATH = YES;
				ONLY_ACTIVE_ARCH = YES;
				SDKROOT = iphoneos;
				SWIFT_ACTIVE_COMPILATION_CONDITIONS = "DEBUG $(inherited)";
				SWIFT_OPTIMIZATION_LEVEL = "-Onone";
			};
			name = Debug;
		};
		F6DCD56A2BEBCDE000AEFA6C /* Release */ = {
			isa = XCBuildConfiguration;
			buildSettings = {
				ALWAYS_SEARCH_USER_PATHS = NO;
				ASSETCATALOG_COMPILER_GENERATE_SWIFT_ASSET_SYMBOL_EXTENSIONS = YES;
				CLANG_ANALYZER_NONNULL = YES;
				CLANG_ANALYZER_NUMBER_OBJECT_CONVERSION = YES_AGGRESSIVE;
				CLANG_CXX_LANGUAGE_STANDARD = "gnu++20";
				CLANG_ENABLE_MODULES = YES;
				CLANG_ENABLE_OBJC_ARC = YES;
				CLANG_ENABLE_OBJC_WEAK = YES;
				CLANG_WARN_BLOCK_CAPTURE_AUTORELEASING = YES;
				CLANG_WARN_BOOL_CONVERSION = YES;
				CLANG_WARN_COMMA = YES;
				CLANG_WARN_CONSTANT_CONVERSION = YES;
				CLANG_WARN_DEPRECATED_OBJC_IMPLEMENTATIONS = YES;
				CLANG_WARN_DIRECT_OBJC_ISA_USAGE = YES_ERROR;
				CLANG_WARN_DOCUMENTATION_COMMENTS = YES;
				CLANG_WARN_EMPTY_BODY = YES;
				CLANG_WARN_ENUM_CONVERSION = YES;
				CLANG_WARN_INFINITE_RECURSION = YES;
				CLANG_WARN_INT_CONVERSION = YES;
				CLANG_WARN_NON_LITERAL_NULL_CONVERSION = YES;
				CLANG_WARN_OBJC_IMPLICIT_RETAIN_SELF = YES;
				CLANG_WARN_OBJC_LITERAL_CONVERSION = YES;
				CLANG_WARN_OBJC_ROOT_CLASS = YES_ERROR;
				CLANG_WARN_QUOTED_INCLUDE_IN_FRAMEWORK_HEADER = YES;
				CLANG_WARN_RANGE_LOOP_ANALYSIS = YES;
				CLANG_WARN_STRICT_PROTOTYPES = YES;
				CLANG_WARN_SUSPICIOUS_MOVE = YES;
				CLANG_WARN_UNGUARDED_AVAILABILITY = YES_AGGRESSIVE;
				CLANG_WARN_UNREACHABLE_CODE = YES;
				CLANG_WARN__DUPLICATE_METHOD_MATCH = YES;
				COPY_PHASE_STRIP = NO;
				DEBUG_INFORMATION_FORMAT = "dwarf-with-dsym";
				ENABLE_NS_ASSERTIONS = NO;
				ENABLE_STRICT_OBJC_MSGSEND = YES;
				ENABLE_USER_SCRIPT_SANDBOXING = YES;
				GCC_C_LANGUAGE_STANDARD = gnu17;
				GCC_NO_COMMON_BLOCKS = YES;
				GCC_WARN_64_TO_32_BIT_CONVERSION = YES;
				GCC_WARN_ABOUT_RETURN_TYPE = YES_ERROR;
				GCC_WARN_UNDECLARED_SELECTOR = YES;
				GCC_WARN_UNINITIALIZED_AUTOS = YES_AGGRESSIVE;
				GCC_WARN_UNUSED_FUNCTION = YES;
				GCC_WARN_UNUSED_VARIABLE = YES;
				IPHONEOS_DEPLOYMENT_TARGET = 17.4;
				LOCALIZATION_PREFERS_STRING_CATALOGS = YES;
				MTL_ENABLE_DEBUG_INFO = NO;
				MTL_FAST_MATH = YES;
				SDKROOT = iphoneos;
				SWIFT_COMPILATION_MODE = wholemodule;
				VALIDATE_PRODUCT = YES;
			};
			name = Release;
		};
		F6DCD56C2BEBCDE000AEFA6C /* Debug */ = {
			isa = XCBuildConfiguration;
			buildSettings = {
				ASSETCATALOG_COMPILER_APPICON_NAME = AppIcon;
				ASSETCATALOG_COMPILER_GLOBAL_ACCENT_COLOR_NAME = AccentColor;
				CODE_SIGN_STYLE = Automatic;
				CURRENT_PROJECT_VERSION = 1;
				DEVELOPMENT_ASSET_PATHS = "\"Znajdz Termin/Preview Content\"";
				DEVELOPMENT_TEAM = X899A4BCH8;
				ENABLE_PREVIEWS = YES;
				GENERATE_INFOPLIST_FILE = YES;
				INFOPLIST_FILE = "Znajdz-Termin-Info.plist";
				INFOPLIST_KEY_NSLocationWhenInUseUsageDescription = "Potrzebujemy Twojej lokalizacji do podpowiedzi";
				INFOPLIST_KEY_UIApplicationSceneManifest_Generation = YES;
				INFOPLIST_KEY_UIApplicationSupportsIndirectInputEvents = YES;
				INFOPLIST_KEY_UILaunchScreen_Generation = YES;
				INFOPLIST_KEY_UISupportedInterfaceOrientations_iPad = "UIInterfaceOrientationPortrait UIInterfaceOrientationPortraitUpsideDown UIInterfaceOrientationLandscapeLeft UIInterfaceOrientationLandscapeRight";
				INFOPLIST_KEY_UISupportedInterfaceOrientations_iPhone = "UIInterfaceOrientationPortrait UIInterfaceOrientationLandscapeLeft UIInterfaceOrientationLandscapeRight";
				LD_RUNPATH_SEARCH_PATHS = (
					"$(inherited)",
					"@executable_path/Frameworks",
				);
				MARKETING_VERSION = 1.0;
				PRODUCT_BUNDLE_IDENTIFIER = "maksymilianstan.Znajdz-Termin";
				PRODUCT_NAME = "$(TARGET_NAME)";
				SWIFT_EMIT_LOC_STRINGS = YES;
				SWIFT_VERSION = 5.0;
				TARGETED_DEVICE_FAMILY = "1,2";
			};
			name = Debug;
		};
		F6DCD56D2BEBCDE000AEFA6C /* Release */ = {
			isa = XCBuildConfiguration;
			buildSettings = {
				ASSETCATALOG_COMPILER_APPICON_NAME = AppIcon;
				ASSETCATALOG_COMPILER_GLOBAL_ACCENT_COLOR_NAME = AccentColor;
				CODE_SIGN_STYLE = Automatic;
				CURRENT_PROJECT_VERSION = 1;
				DEVELOPMENT_ASSET_PATHS = "\"Znajdz Termin/Preview Content\"";
				DEVELOPMENT_TEAM = X899A4BCH8;
				ENABLE_PREVIEWS = YES;
				GENERATE_INFOPLIST_FILE = YES;
				INFOPLIST_FILE = "Znajdz-Termin-Info.plist";
				INFOPLIST_KEY_NSLocationWhenInUseUsageDescription = "Potrzebujemy Twojej lokalizacji do podpowiedzi";
				INFOPLIST_KEY_UIApplicationSceneManifest_Generation = YES;
				INFOPLIST_KEY_UIApplicationSupportsIndirectInputEvents = YES;
				INFOPLIST_KEY_UILaunchScreen_Generation = YES;
				INFOPLIST_KEY_UISupportedInterfaceOrientations_iPad = "UIInterfaceOrientationPortrait UIInterfaceOrientationPortraitUpsideDown UIInterfaceOrientationLandscapeLeft UIInterfaceOrientationLandscapeRight";
				INFOPLIST_KEY_UISupportedInterfaceOrientations_iPhone = "UIInterfaceOrientationPortrait UIInterfaceOrientationLandscapeLeft UIInterfaceOrientationLandscapeRight";
				LD_RUNPATH_SEARCH_PATHS = (
					"$(inherited)",
					"@executable_path/Frameworks",
				);
				MARKETING_VERSION = 1.0;
				PRODUCT_BUNDLE_IDENTIFIER = "maksymilianstan.Znajdz-Termin";
				PRODUCT_NAME = "$(TARGET_NAME)";
				SWIFT_EMIT_LOC_STRINGS = YES;
				SWIFT_VERSION = 5.0;
				TARGETED_DEVICE_FAMILY = "1,2";
			};
			name = Release;
		};
		F6DCD56F2BEBCDE000AEFA6C /* Debug */ = {
			isa = XCBuildConfiguration;
			buildSettings = {
				ALWAYS_EMBED_SWIFT_STANDARD_LIBRARIES = YES;
				BUNDLE_LOADER = "$(TEST_HOST)";
				CODE_SIGN_STYLE = Automatic;
				CURRENT_PROJECT_VERSION = 1;
				DEVELOPMENT_TEAM = X899A4BCH8;
				GENERATE_INFOPLIST_FILE = YES;
				IPHONEOS_DEPLOYMENT_TARGET = 17.4;
				MARKETING_VERSION = 1.0;
				PRODUCT_BUNDLE_IDENTIFIER = "maksymilianstan.Znajdz-TerminTests";
				PRODUCT_NAME = "$(TARGET_NAME)";
				SWIFT_EMIT_LOC_STRINGS = NO;
				SWIFT_VERSION = 5.0;
				TARGETED_DEVICE_FAMILY = "1,2";
				TEST_HOST = "$(BUILT_PRODUCTS_DIR)/Znajdz Termin.app/$(BUNDLE_EXECUTABLE_FOLDER_PATH)/Znajdz Termin";
			};
			name = Debug;
		};
		F6DCD5702BEBCDE000AEFA6C /* Release */ = {
			isa = XCBuildConfiguration;
			buildSettings = {
				ALWAYS_EMBED_SWIFT_STANDARD_LIBRARIES = YES;
				BUNDLE_LOADER = "$(TEST_HOST)";
				CODE_SIGN_STYLE = Automatic;
				CURRENT_PROJECT_VERSION = 1;
				DEVELOPMENT_TEAM = X899A4BCH8;
				GENERATE_INFOPLIST_FILE = YES;
				IPHONEOS_DEPLOYMENT_TARGET = 17.4;
				MARKETING_VERSION = 1.0;
				PRODUCT_BUNDLE_IDENTIFIER = "maksymilianstan.Znajdz-TerminTests";
				PRODUCT_NAME = "$(TARGET_NAME)";
				SWIFT_EMIT_LOC_STRINGS = NO;
				SWIFT_VERSION = 5.0;
				TARGETED_DEVICE_FAMILY = "1,2";
				TEST_HOST = "$(BUILT_PRODUCTS_DIR)/Znajdz Termin.app/$(BUNDLE_EXECUTABLE_FOLDER_PATH)/Znajdz Termin";
			};
			name = Release;
		};
		F6DCD5722BEBCDE000AEFA6C /* Debug */ = {
			isa = XCBuildConfiguration;
			buildSettings = {
				ALWAYS_EMBED_SWIFT_STANDARD_LIBRARIES = YES;
				CODE_SIGN_STYLE = Automatic;
				CURRENT_PROJECT_VERSION = 1;
				DEVELOPMENT_TEAM = X899A4BCH8;
				GENERATE_INFOPLIST_FILE = YES;
				MARKETING_VERSION = 1.0;
				PRODUCT_BUNDLE_IDENTIFIER = "maksymilianstan.Znajdz-TerminUITests";
				PRODUCT_NAME = "$(TARGET_NAME)";
				SWIFT_EMIT_LOC_STRINGS = NO;
				SWIFT_VERSION = 5.0;
				TARGETED_DEVICE_FAMILY = "1,2";
				TEST_TARGET_NAME = "Znajdz Termin";
			};
			name = Debug;
		};
		F6DCD5732BEBCDE000AEFA6C /* Release */ = {
			isa = XCBuildConfiguration;
			buildSettings = {
				ALWAYS_EMBED_SWIFT_STANDARD_LIBRARIES = YES;
				CODE_SIGN_STYLE = Automatic;
				CURRENT_PROJECT_VERSION = 1;
				DEVELOPMENT_TEAM = X899A4BCH8;
				GENERATE_INFOPLIST_FILE = YES;
				MARKETING_VERSION = 1.0;
				PRODUCT_BUNDLE_IDENTIFIER = "maksymilianstan.Znajdz-TerminUITests";
				PRODUCT_NAME = "$(TARGET_NAME)";
				SWIFT_EMIT_LOC_STRINGS = NO;
				SWIFT_VERSION = 5.0;
				TARGETED_DEVICE_FAMILY = "1,2";
				TEST_TARGET_NAME = "Znajdz Termin";
			};
			name = Release;
		};
/* End XCBuildConfiguration section */

/* Begin XCConfigurationList section */
		F6DCD5402BEBCDDE00AEFA6C /* Build configuration list for PBXProject "Znajdz Termin" */ = {
			isa = XCConfigurationList;
			buildConfigurations = (
				F6DCD5692BEBCDE000AEFA6C /* Debug */,
				F6DCD56A2BEBCDE000AEFA6C /* Release */,
			);
			defaultConfigurationIsVisible = 0;
			defaultConfigurationName = Release;
		};
		F6DCD56B2BEBCDE000AEFA6C /* Build configuration list for PBXNativeTarget "Znajdz Termin" */ = {
			isa = XCConfigurationList;
			buildConfigurations = (
				F6DCD56C2BEBCDE000AEFA6C /* Debug */,
				F6DCD56D2BEBCDE000AEFA6C /* Release */,
			);
			defaultConfigurationIsVisible = 0;
			defaultConfigurationName = Release;
		};
		F6DCD56E2BEBCDE000AEFA6C /* Build configuration list for PBXNativeTarget "Znajdz TerminTests" */ = {
			isa = XCConfigurationList;
			buildConfigurations = (
				F6DCD56F2BEBCDE000AEFA6C /* Debug */,
				F6DCD5702BEBCDE000AEFA6C /* Release */,
			);
			defaultConfigurationIsVisible = 0;
			defaultConfigurationName = Release;
		};
		F6DCD5712BEBCDE000AEFA6C /* Build configuration list for PBXNativeTarget "Znajdz TerminUITests" */ = {
			isa = XCConfigurationList;
			buildConfigurations = (
				F6DCD5722BEBCDE000AEFA6C /* Debug */,
				F6DCD5732BEBCDE000AEFA6C /* Release */,
			);
			defaultConfigurationIsVisible = 0;
			defaultConfigurationName = Release;
		};
/* End XCConfigurationList section */
	};
	rootObject = F6DCD53D2BEBCDDE00AEFA6C /* Project object */;
}
